
Microsoft Visual Studio Solution File, Format Version 12.00
# Visual Studio Version 17
VisualStudioVersion = 17.9.34622.214
MinimumVisualStudioVersion = 10.0.40219.1
Project("{9A19103F-16F7-4668-BE54-9A1E7A4F7556}") = "Manager", "Manager\Manager.csproj", "{D8E45834-83AA-436B-AE6E-D02B7A4D4D74}"
EndProject
Project("{9A19103F-16F7-4668-BE54-9A1E7A4F7556}") = "Manager.App", "Manager.App\Manager.App.csproj", "{47ECCEC8-6BCC-47EE-BC80-31ED2323884D}"
EndProject
Project("{9A19103F-16F7-4668-BE54-9A1E7A4F7556}") = "Manager.Domain", "Manager.Domain\Manager.Domain.csproj", "{183F3DDD-CA9D-43BF-A109-E777C8D0B781}"
EndProject
Project("{FAE04EC0-301F-11D3-BF4B-00C04F79EFBC}") = "Manager.Tests", "Manager.Tests\Manager.Tests.csproj", "{0886AB76-2386-4548-A14C-5762BD56EC9C}"
EndProject
Global
	GlobalSection(SolutionConfigurationPlatforms) = preSolution
		Debug|Any CPU = Debug|Any CPU
		Release|Any CPU = Release|Any CPU
	EndGlobalSection
	GlobalSection(ProjectConfigurationPlatforms) = postSolution
		{D8E45834-83AA-436B-AE6E-D02B7A4D4D74}.Debug|Any CPU.ActiveCfg = Debug|Any CPU
		{D8E45834-83AA-436B-AE6E-D02B7A4D4D74}.Debug|Any CPU.Build.0 = Debug|Any CPU
		{D8E45834-83AA-436B-AE6E-D02B7A4D4D74}.Release|Any CPU.ActiveCfg = Release|Any CPU
		{D8E45834-83AA-436B-AE6E-D02B7A4D4D74}.Release|Any CPU.Build.0 = Release|Any CPU
		{47ECCEC8-6BCC-47EE-BC80-31ED2323884D}.Debug|Any CPU.ActiveCfg = Debug|Any CPU
		{47ECCEC8-6BCC-47EE-BC80-31ED2323884D}.Debug|Any CPU.Build.0 = Debug|Any CPU
		{47ECCEC8-6BCC-47EE-BC80-31ED2323884D}.Release|Any CPU.ActiveCfg = Release|Any CPU
		{47ECCEC8-6BCC-47EE-BC80-31ED2323884D}.Release|Any CPU.Build.0 = Release|Any CPU
		{183F3DDD-CA9D-43BF-A109-E777C8D0B781}.Debug|Any CPU.ActiveCfg = Debug|Any CPU
		{183F3DDD-CA9D-43BF-A109-E777C8D0B781}.Debug|Any CPU.Build.0 = Debug|Any CPU
		{183F3DDD-CA9D-43BF-A109-E777C8D0B781}.Release|Any CPU.ActiveCfg = Release|Any CPU
		{183F3DDD-CA9D-43BF-A109-E777C8D0B781}.Release|Any CPU.Build.0 = Release|Any CPU
		{0886AB76-2386-4548-A14C-5762BD56EC9C}.Debug|Any CPU.ActiveCfg = Debug|Any CPU
		{0886AB76-2386-4548-A14C-5762BD56EC9C}.Debug|Any CPU.Build.0 = Debug|Any CPU
		{0886AB76-2386-4548-A14C-5762BD56EC9C}.Release|Any CPU.ActiveCfg = Release|Any CPU
		{0886AB76-2386-4548-A14C-5762BD56EC9C}.Release|Any CPU.Build.0 = Release|Any CPU
	EndGlobalSection
	GlobalSection(SolutionProperties) = preSolution
		HideSolutionNode = FALSE
	EndGlobalSection
	GlobalSection(ExtensibilityGlobals) = postSolution
		SolutionGuid = {A06CAD56-52CD-454E-A714-1A27418E8821}
	EndGlobalSection
EndGlobal
